
Microsoft Visual Studio Solution File, Format Version 12.00
# Visual Studio Version 17
VisualStudioVersion = 17.5.33516.290
MinimumVisualStudioVersion = 10.0.40219.1
Project("{FAE04EC0-301F-11D3-BF4B-00C04F79EFBC}") = "ArtNetToDMX", "ArtNetToDMX.csproj", "{ADB93D36-B80D-4AC1-B39C-1913DEFD7EB2}"
EndProject
Global
	GlobalSection(SolutionConfigurationPlatforms) = preSolution
		Debug|Any CPU = Debug|Any CPU
		Release|Any CPU = Release|Any CPU
	EndGlobalSection
	GlobalSection(ProjectConfigurationPlatforms) = postSolution
		{ADB93D36-B80D-4AC1-B39C-1913DEFD7EB2}.Debug|Any CPU.ActiveCfg = Debug|Any CPU
		{ADB93D36-B80D-4AC1-B39C-1913DEFD7EB2}.Debug|Any CPU.Build.0 = Debug|Any CPU
		{ADB93D36-B80D-4AC1-B39C-1913DEFD7EB2}.Release|Any CPU.ActiveCfg = Release|Any CPU
		{ADB93D36-B80D-4AC1-B39C-1913DEFD7EB2}.Release|Any CPU.Build.0 = Release|Any CPU
	EndGlobalSection
	GlobalSection(SolutionProperties) = preSolution
		HideSolutionNode = FALSE
	EndGlobalSection
	GlobalSection(ExtensibilityGlobals) = postSolution
		SolutionGuid = {64CC3B05-0579-4B48-9B79-C0F55A9B8116}
	EndGlobalSection
EndGlobal
