
Microsoft Visual Studio Solution File, Format Version 12.00
# Visual Studio Version 17
VisualStudioVersion = 17.5.33516.290
MinimumVisualStudioVersion = 10.0.40219.1
Project("{9A19103F-16F7-4668-BE54-9A1E7A4F7556}") = "ArtNetToDMX", "ArtNetToDMX.csproj", "{ADB93D36-B80D-4AC1-B39C-1913DEFD7EB2}"
EndProject
Global
	GlobalSection(SolutionConfigurationPlatforms) = preSolution
		Debug|Any CPU = Debug|Any CPU
		Debug|x64 = Debug|x64
		Debug|x86 = Debug|x86
		Release|Any CPU = Release|Any CPU
		Release|x64 = Release|x64
		Release|x86 = Release|x86
	EndGlobalSection
	GlobalSection(ProjectConfigurationPlatforms) = postSolution
		{ADB93D36-B80D-4AC1-B39C-1913DEFD7EB2}.Debug|Any CPU.ActiveCfg = Debug|Any CPU
		{ADB93D36-B80D-4AC1-B39C-1913DEFD7EB2}.Debug|Any CPU.Build.0 = Debug|Any CPU
		{ADB93D36-B80D-4AC1-B39C-1913DEFD7EB2}.Debug|x64.ActiveCfg = Debug|x64
		{ADB93D36-B80D-4AC1-B39C-1913DEFD7EB2}.Debug|x64.Build.0 = Debug|x64
		{ADB93D36-B80D-4AC1-B39C-1913DEFD7EB2}.Debug|x86.ActiveCfg = Debug|x86
		{ADB93D36-B80D-4AC1-B39C-1913DEFD7EB2}.Debug|x86.Build.0 = Debug|x86
		{ADB93D36-B80D-4AC1-B39C-1913DEFD7EB2}.Release|Any CPU.ActiveCfg = Release|Any CPU
		{ADB93D36-B80D-4AC1-B39C-1913DEFD7EB2}.Release|Any CPU.Build.0 = Release|Any CPU
		{ADB93D36-B80D-4AC1-B39C-1913DEFD7EB2}.Release|x64.ActiveCfg = Release|x64
		{ADB93D36-B80D-4AC1-B39C-1913DEFD7EB2}.Release|x64.Build.0 = Release|x64
		{ADB93D36-B80D-4AC1-B39C-1913DEFD7EB2}.Release|x86.ActiveCfg = Release|x86
		{ADB93D36-B80D-4AC1-B39C-1913DEFD7EB2}.Release|x86.Build.0 = Release|x86
	EndGlobalSection
	GlobalSection(SolutionProperties) = preSolution
		HideSolutionNode = FALSE
	EndGlobalSection
	GlobalSection(ExtensibilityGlobals) = postSolution
		SolutionGuid = {64CC3B05-0579-4B48-9B79-C0F55A9B8116}
	EndGlobalSection
EndGlobal
